
Microsoft Visual Studio Solution File, Format Version 12.00
# Visual Studio Version 16
VisualStudioVersion = 16.0.31424.327
MinimumVisualStudioVersion = 10.0.40219.1
Project("{FAE04EC0-301F-11D3-BF4B-00C04F79EFBC}") = "BankUI", "Bank\BankUI.csproj", "{29552860-3757-44D2-B921-CD2DFDB86415}"
EndProject
Project("{FAE04EC0-301F-11D3-BF4B-00C04F79EFBC}") = "Bank.Data", "Bank.Data\Bank.Data.csproj", "{6EEE0267-F002-46F4-BEA6-C3E53687F194}"
EndProject
Project("{FAE04EC0-301F-11D3-BF4B-00C04F79EFBC}") = "Bank.Domain", "Bank.Domain\Bank.Domain.csproj", "{6D6E6360-A46B-4F45-8DD0-CD48349FB4E9}"
EndProject
Global
	GlobalSection(SolutionConfigurationPlatforms) = preSolution
		Debug|Any CPU = Debug|Any CPU
		Release|Any CPU = Release|Any CPU
	EndGlobalSection
	GlobalSection(ProjectConfigurationPlatforms) = postSolution
		{29552860-3757-44D2-B921-CD2DFDB86415}.Debug|Any CPU.ActiveCfg = Debug|Any CPU
		{29552860-3757-44D2-B921-CD2DFDB86415}.Debug|Any CPU.Build.0 = Debug|Any CPU
		{29552860-3757-44D2-B921-CD2DFDB86415}.Release|Any CPU.ActiveCfg = Release|Any CPU
		{29552860-3757-44D2-B921-CD2DFDB86415}.Release|Any CPU.Build.0 = Release|Any CPU
		{6EEE0267-F002-46F4-BEA6-C3E53687F194}.Debug|Any CPU.ActiveCfg = Debug|Any CPU
		{6EEE0267-F002-46F4-BEA6-C3E53687F194}.Debug|Any CPU.Build.0 = Debug|Any CPU
		{6EEE0267-F002-46F4-BEA6-C3E53687F194}.Release|Any CPU.ActiveCfg = Release|Any CPU
		{6EEE0267-F002-46F4-BEA6-C3E53687F194}.Release|Any CPU.Build.0 = Release|Any CPU
		{6D6E6360-A46B-4F45-8DD0-CD48349FB4E9}.Debug|Any CPU.ActiveCfg = Debug|Any CPU
		{6D6E6360-A46B-4F45-8DD0-CD48349FB4E9}.Debug|Any CPU.Build.0 = Debug|Any CPU
		{6D6E6360-A46B-4F45-8DD0-CD48349FB4E9}.Release|Any CPU.ActiveCfg = Release|Any CPU
		{6D6E6360-A46B-4F45-8DD0-CD48349FB4E9}.Release|Any CPU.Build.0 = Release|Any CPU
	EndGlobalSection
	GlobalSection(SolutionProperties) = preSolution
		HideSolutionNode = FALSE
	EndGlobalSection
	GlobalSection(ExtensibilityGlobals) = postSolution
		SolutionGuid = {A3FD6D6A-538A-43FF-8732-D1DE9EB05D65}
	EndGlobalSection
EndGlobal
